<?xml version="1.0" encoding="utf-8"?>
<Project ToolsVersion="17.0" xmlns="http://schemas.microsoft.com/developer/msbuild/2003">
  <ItemGroup>
    <CustomBuild Include="D:\Git\googletest\googletest\CMakeFiles\5566338690196d9cf064a7aa73ef9e23\INSTALL_force.rule">
      <Filter>CMake Rules</Filter>
    </CustomBuild>
  </ItemGroup>
  <ItemGroup>
    <Filter Include="CMake Rules">
      <UniqueIdentifier>{56B3E41C-6A09-3164-B31E-4B81A1B3CE4A}</UniqueIdentifier>
    </Filter>
  </ItemGroup>
</Project>
